Microsoft Visual Studio Solution File, Format Version 11.00
# Visual Studio 2008

Project("{E387D6CC-72DC-F518-DAC3-BC52F2311B33}") = "xfgj", "Assembly-CSharp-firstpass-vs.csproj", "{0889C95B-3BB8-EE19-04A2-1A33AB0DED33}"
EndProject
Project("{E387D6CC-72DC-F518-DAC3-BC52F2311B33}") = "xfgj", "Assembly-CSharp-vs.csproj", "{478185F5-A618-E62A-446C-B00CE3A95366}"
EndProject
Project("{E387D6CC-72DC-F518-DAC3-BC52F2311B33}") = "xfgj", "Assembly-CSharp-Editor-firstpass-vs.csproj", "{E1EFE359-D1D2-3314-B769-469972904864}"
EndProject
Project("{E387D6CC-72DC-F518-DAC3-BC52F2311B33}") = "xfgj", "Assembly-CSharp-Editor-vs.csproj", "{E7FC2BE5-B5B5-332E-9A00-7A37EFE54211}"
EndProject
Global
	GlobalSection(SolutionConfigurationPlatforms) = preSolution
		Debug|Any CPU = Debug|Any CPU
		Release|Any CPU = Release|Any CPU
	EndGlobalSection
	GlobalSection(ProjectConfigurationPlatforms) = postSolution
		{0889C95B-3BB8-EE19-04A2-1A33AB0DED33}.Debug|Any CPU.ActiveCfg = Debug|Any CPU
		{0889C95B-3BB8-EE19-04A2-1A33AB0DED33}.Debug|Any CPU.Build.0 = Debug|Any CPU
		{0889C95B-3BB8-EE19-04A2-1A33AB0DED33}.Release|Any CPU.ActiveCfg = Release|Any CPU
		{0889C95B-3BB8-EE19-04A2-1A33AB0DED33}.Release|Any CPU.Build.0 = Release|Any CPU
		{478185F5-A618-E62A-446C-B00CE3A95366}.Debug|Any CPU.ActiveCfg = Debug|Any CPU
		{478185F5-A618-E62A-446C-B00CE3A95366}.Debug|Any CPU.Build.0 = Debug|Any CPU
		{478185F5-A618-E62A-446C-B00CE3A95366}.Release|Any CPU.ActiveCfg = Release|Any CPU
		{478185F5-A618-E62A-446C-B00CE3A95366}.Release|Any CPU.Build.0 = Release|Any CPU
		{E1EFE359-D1D2-3314-B769-469972904864}.Debug|Any CPU.ActiveCfg = Debug|Any CPU
		{E1EFE359-D1D2-3314-B769-469972904864}.Debug|Any CPU.Build.0 = Debug|Any CPU
		{E1EFE359-D1D2-3314-B769-469972904864}.Release|Any CPU.ActiveCfg = Release|Any CPU
		{E1EFE359-D1D2-3314-B769-469972904864}.Release|Any CPU.Build.0 = Release|Any CPU
		{E7FC2BE5-B5B5-332E-9A00-7A37EFE54211}.Debug|Any CPU.ActiveCfg = Debug|Any CPU
		{E7FC2BE5-B5B5-332E-9A00-7A37EFE54211}.Debug|Any CPU.Build.0 = Debug|Any CPU
		{E7FC2BE5-B5B5-332E-9A00-7A37EFE54211}.Release|Any CPU.ActiveCfg = Release|Any CPU
		{E7FC2BE5-B5B5-332E-9A00-7A37EFE54211}.Release|Any CPU.Build.0 = Release|Any CPU
	EndGlobalSection
	GlobalSection(SolutionProperties) = preSolution
		HideSolutionNode = FALSE
	EndGlobalSection
																																																												GlobalSection(MonoDevelopProperties) = preSolution
		StartupItem = Assembly-CSharp.csproj
		Policies = $0
		$0.TextStylePolicy = $1
		$1.inheritsSet = null
		$1.scope = text/x-csharp
		$0.CSharpFormattingPolicy = $2
		$2.inheritsSet = Mono
		$2.inheritsScope = text/x-csharp
		$2.scope = text/x-csharp
		$0.TextStylePolicy = $3
		$3.FileWidth = 120
		$3.TabWidth = 4
		$3.EolMarker = Unix
		$3.inheritsSet = Mono
		$3.inheritsScope = text/plain
		$3.scope = text/plain
	EndGlobalSection

EndGlobal
